
Microsoft Visual Studio Solution File, Format Version 12.00
# Visual Studio Version 16
VisualStudioVersion = 16.0.30611.23
MinimumVisualStudioVersion = 10.0.40219.1
Project("{FAE04EC0-301F-11D3-BF4B-00C04F79EFBC}") = "TICvsTAC", "TICvsTAC\TICvsTAC.csproj", "{6E969821-7150-47BA-8070-757C8BF79255}"
EndProject
Global
	GlobalSection(SolutionConfigurationPlatforms) = preSolution
		Debug|Any CPU = Debug|Any CPU
		Release|Any CPU = Release|Any CPU
	EndGlobalSection
	GlobalSection(ProjectConfigurationPlatforms) = postSolution
		{6E969821-7150-47BA-8070-757C8BF79255}.Debug|Any CPU.ActiveCfg = Debug|Any CPU
		{6E969821-7150-47BA-8070-757C8BF79255}.Debug|Any CPU.Build.0 = Debug|Any CPU
		{6E969821-7150-47BA-8070-757C8BF79255}.Debug|Any CPU.Deploy.0 = Debug|Any CPU
		{6E969821-7150-47BA-8070-757C8BF79255}.Release|Any CPU.ActiveCfg = Release|Any CPU
		{6E969821-7150-47BA-8070-757C8BF79255}.Release|Any CPU.Build.0 = Release|Any CPU
		{6E969821-7150-47BA-8070-757C8BF79255}.Release|Any CPU.Deploy.0 = Release|Any CPU
	EndGlobalSection
	GlobalSection(SolutionProperties) = preSolution
		HideSolutionNode = FALSE
	EndGlobalSection
	GlobalSection(ExtensibilityGlobals) = postSolution
		SolutionGuid = {7650D2AF-C759-4FE6-A1F8-5BD3BA764C50}
	EndGlobalSection
EndGlobal
